%{"arc": {:hex, :arc, "0.5.2", "bae4e9a37a4c6c70eb85486da43dcf39e1672dcf852577ddbba3b8e528a798a6", [:mix], [{:poison, "~> 1.2", [hex: :poison, optional: true]}, {:httpoison, "~> 0.7", [hex: :httpoison, optional: true]}, {:ex_aws, "~> 0.4.10", [hex: :ex_aws, optional: true]}]},
  "arc_ecto": {:hex, :arc_ecto, "0.3.2", "8893135fe4d5cf9b2a6aeb0e17bedd5c6f7ad5d89f760995805451c859bf8f89", [:mix], [{:ecto, ">= 0.10.0", [hex: :ecto, optional: false]}, {:arc, "~> 0.2", [hex: :arc, optional: false]}]},
  "base64url": {:hex, :base64url, "0.0.1", "36a90125f5948e3afd7be97662a1504b934dd5dac78451ca6e9abf85a10286be", [:rebar], []},
  "certifi": {:hex, :certifi, "0.4.0", "a7966efb868b179023618d29a407548f70c52466bf1849b9e8ebd0e34b7ea11f", [:rebar3], []},
  "comeonin": {:hex, :comeonin, "2.4.0", "2dc7526b6352f7cf03de79c1e19b5154ac021da48b0c1790a12841ef5ca00340", [:mix, :make, :make], []},
  "connection": {:hex, :connection, "1.0.2", "f4a06dd3ecae4141aa66f94ce92ea4c4b8753069472814932f1cadbc3078ab80", [:mix], []},
  "cowboy": {:hex, :cowboy, "1.0.4", "a324a8df9f2316c833a470d918aaf73ae894278b8aa6226ce7a9bf699388f878", [:rebar, :make], [{:cowlib, "~> 1.0.0", [hex: :cowlib, optional: false]}, {:ranch, "~> 1.0", [hex: :ranch, optional: false]}]},
  "cowlib": {:hex, :cowlib, "1.0.2", "9d769a1d062c9c3ac753096f868ca121e2730b9a377de23dec0f7e08b1df84ee", [:make], []},
  "csvlixir": {:hex, :csvlixir, "1.0.0", "e9fd30abfca2d312390060e86bb7ec52487c813824dcccad45bb13e85ecad6b1", [:mix], []},
  "db_connection": {:hex, :db_connection, "0.2.5", "3e5e28019e0ec744345568d22a2f5206109bff0e2571f4d7819e0d14cf955f3e", [:mix], [{:sbroker, "~> 0.7", [hex: :sbroker, optional: true]}, {:poolboy, "~> 1.5", [hex: :poolboy, optional: true]}, {:connection, "~> 1.0.2", [hex: :connection, optional: false]}]},
  "decimal": {:hex, :decimal, "1.1.2", "79a769d4657b2d537b51ef3c02d29ab7141d2b486b516c109642d453ee08e00c", [:mix], []},
  "dogma": {:hex, :dogma, "0.1.7", "927f76a89a809db96e0983b922fc899f601352690aefa123529b8aa0c45123b2", [:mix], [{:poison, ">= 1.0.0", [hex: :poison, optional: false]}]},
  "ecto": {:hex, :ecto, "1.1.5", "5c181b737a650117466b0540aa323198a0fb9d518e52718ac2c299f4047187e1", [:mix], [{:sbroker, "~> 0.7", [hex: :sbroker, optional: true]}, {:postgrex, "~> 0.11.0", [hex: :postgrex, optional: true]}, {:poolboy, "~> 1.4", [hex: :poolboy, optional: false]}, {:poison, "~> 1.0", [hex: :poison, optional: true]}, {:mariaex, "~> 0.5.0 or ~> 0.6.0", [hex: :mariaex, optional: true]}, {:decimal, "~> 1.0", [hex: :decimal, optional: false]}]},
  "ex_admin": {:hex, :ex_admin, "0.7.2", "b839148a09c243eaa89f644eecb72959be6c1e585a0681751e2cb47cd09f0fc2", [:mix], [{:xain, "~> 0.5.2", [hex: :xain, optional: false]}, {:scrivener, "~> 1.0", [hex: :scrivener, optional: false]}, {:phoenix_html, "~> 2.5", [hex: :phoenix_html, optional: false]}, {:phoenix_ecto, "~> 2.0", [hex: :phoenix_ecto, optional: false]}, {:phoenix, "~> 1.1", [hex: :phoenix, optional: false]}, {:inflex, "~> 1.5", [hex: :inflex, optional: false]}, {:factory_girl_elixir, "~> 0.1.1", [hex: :factory_girl_elixir, optional: false]}, {:exactor, "~> 2.2.0", [hex: :exactor, optional: false]}, {:ex_queb, "~> 0.1", [hex: :ex_queb, optional: false]}, {:ecto, "~> 1.1", [hex: :ecto, optional: false]}, {:decimal, "~> 1.0", [hex: :decimal, optional: false]}, {:csvlixir, "~> 1.0.0", [hex: :csvlixir, optional: false]}, {:cowboy, "~> 1.0", [hex: :cowboy, optional: false]}]},
  "ex_aws": {:hex, :ex_aws, "0.4.19", "84284a2ce936b1aed3d6db4dac4ccf28105f2b617201194b2804d737cd0ef818", [:mix], [{:jsx, "~> 2.5", [hex: :jsx, optional: true]}, {:httpotion, "~> 2.0", [hex: :httpotion, optional: true]}, {:poison, "~> 1.2 or ~> 2.0", [hex: :poison, optional: true]}, {:httpoison, "~> 0.8", [hex: :httpoison, optional: true]}, {:sweet_xml, "~> 0.5", [hex: :sweet_xml, optional: true]}]},
  "ex_form": {:git, "https://github.com/smpallen99/ex_form.git", "6d08d449b112f89e48279daeca74b2b42a16fdda", []},
  "ex_queb": {:hex, :ex_queb, "0.1.2", "a7bea897c490875a716042675cec4013b5075de083c26ec1b7f0e0fb5144f5a1", [:mix], [{:ecto, "~> 1.1", [hex: :ecto, optional: false]}]},
  "exactor": {:hex, :exactor, "2.2.0", "2a7418b82d974fe8276edd62c1facf4a9dc06339cdf11b5dcd10359e107fe5c3", [:mix], []},
  "excoveralls": {:hex, :excoveralls, "0.5.5", "d97b6fc7aa59c5f04f2fa7ec40fc0b7555ceea2a5f7e7c442aad98ddd7f79002", [:mix], [{:hackney, ">= 0.12.0", [hex: :hackney, optional: false]}, {:exjsx, "~> 3.0", [hex: :exjsx, optional: false]}]},
  "exjsx": {:hex, :exjsx, "3.2.0", "7136cc739ace295fc74c378f33699e5145bead4fdc1b4799822d0287489136fb", [:mix], [{:jsx, "~> 2.6.2", [hex: :jsx, optional: false]}]},
  "exvcr": {:hex, :exvcr, "0.8.0", "61b8da4723150938f612af8a2f885709af7e486e4deac4b454a161de3430e699", [:mix], [{:httpoison, "~> 0.8", [hex: :httpoison, optional: true]}, {:httpotion, "~> 3.0", [hex: :httpotion, optional: true]}, {:ibrowse, "~> 4.2.2", [hex: :ibrowse, optional: true]}, {:exjsx, "~> 3.2", [hex: :exjsx, optional: false]}, {:exactor, "~> 2.2", [hex: :exactor, optional: false]}, {:meck, "~> 0.8.3", [hex: :meck, optional: false]}]},
  "factory_girl_elixir": {:hex, :factory_girl_elixir, "0.1.1", "2c2b41111a409cf74131cd0f651fe65d77eb60d4b45775192ecde9820dc59ac5", [:mix], []},
  "fs": {:hex, :fs, "0.9.2", "ed17036c26c3f70ac49781ed9220a50c36775c6ca2cf8182d123b6566e49ec59", [:rebar], []},
  "gettext": {:hex, :gettext, "0.11.0", "80c1dd42d270482418fa158ec5ba073d2980e3718bacad86f3d4ad71d5667679", [:mix], []},
  "guardian": {:hex, :guardian, "0.10.1", "ee1b5fe31a7ff9631d663eb20ddba352aed8dbe2d7dcd446a8fae350ba3a1561", [:mix], [{:uuid, ">=1.1.1", [hex: :uuid, optional: false]}, {:poison, "~> 1.5", [hex: :poison, optional: false]}, {:plug, "~> 1.0", [hex: :plug, optional: false]}, {:jose, "~> 1.6", [hex: :jose, optional: false]}]},
  "hackney": {:hex, :hackney, "1.6.1", "ddd22d42db2b50e6a155439c8811b8f6df61a4395de10509714ad2751c6da817", [:rebar3], [{:ssl_verify_fun, "1.1.0", [hex: :ssl_verify_fun, optional: false]}, {:mimerl, "1.0.2", [hex: :mimerl, optional: false]}, {:metrics, "1.0.1", [hex: :metrics, optional: false]}, {:idna, "1.2.0", [hex: :idna, optional: false]}, {:certifi, "0.4.0", [hex: :certifi, optional: false]}]},
  "httpoison": {:hex, :httpoison, "0.9.0", "68187a2daddfabbe7ca8f7d75ef227f89f0e1507f7eecb67e4536b3c516faddb", [:mix], [{:hackney, "~> 1.6.0", [hex: :hackney, optional: false]}]},
  "idna": {:hex, :idna, "1.2.0", "ac62ee99da068f43c50dc69acf700e03a62a348360126260e87f2b54eced86b2", [:rebar3], []},
  "inflex": {:hex, :inflex, "1.5.0", "e4ff5d900280b2011b24d1ac1c4590986ee5add2ea644c9894e72213cf93ff0b", [:mix], []},
  "jose": {:hex, :jose, "1.7.3", "325aa7e52b1376e11cb3ea3c8ecfd608cc9bb511d412123bcf81e095f8ed09e7", [:mix, :rebar], [{:base64url, "~> 0.0.1", [hex: :base64url, optional: false]}]},
  "jsx": {:hex, :jsx, "2.6.2", "213721e058da0587a4bce3cc8a00ff6684ced229c8f9223245c6ff2c88fbaa5a", [:mix, :rebar], []},
  "meck": {:hex, :meck, "0.8.4", "59ca1cd971372aa223138efcf9b29475bde299e1953046a0c727184790ab1520", [:rebar, :make], []},
  "metrics": {:hex, :metrics, "1.0.1", "25f094dea2cda98213cecc3aeff09e940299d950904393b2a29d191c346a8486", [:rebar3], []},
  "mimerl": {:hex, :mimerl, "1.0.2", "993f9b0e084083405ed8252b99460c4f0563e41729ab42d9074fd5e52439be88", [:rebar3], []},
  "phoenix": {:hex, :phoenix, "1.1.4", "65809fba92eb94377372a5fb5a561197654bb8406e773cc47ca1a031bbe58019", [:mix], [{:poison, "~> 1.5 or ~> 2.0", [hex: :poison, optional: false]}, {:plug, "~> 1.0", [hex: :plug, optional: false]}, {:cowboy, "~> 1.0", [hex: :cowboy, optional: true]}]},
  "phoenix_ecto": {:hex, :phoenix_ecto, "2.0.1", "24532a443b1686150fd14819a4a366eccf41135da2a2ed6ae2f78597828ecb0a", [:mix], [{:poison, "~> 1.3", [hex: :poison, optional: true]}, {:phoenix_html, "~> 2.2", [hex: :phoenix_html, optional: true]}, {:ecto, "~> 1.1.2", [hex: :ecto, optional: false]}]},
  "phoenix_html": {:hex, :phoenix_html, "2.5.1", "631053f9e345fecb5c87d9e0ccd807f7266d27e2ee4269817067af425fd81ba8", [:mix], [{:plug, "~> 0.13 or ~> 1.0", [hex: :plug, optional: false]}]},
  "phoenix_live_reload": {:hex, :phoenix_live_reload, "1.0.3", "262ed58c69174ae4f081725e03a072d0b48e6100248c0cbcd5df5e5fd4b212b6", [:mix], [{:phoenix, "~> 0.16 or ~> 1.0", [hex: :phoenix, optional: false]}, {:fs, "~> 0.9.1", [hex: :fs, optional: false]}]},
  "plug": {:hex, :plug, "1.1.4", "2eee0e85ad420db96e075b3191d3764d6fff61422b101dc5b02e9cce99cacfc7", [:mix], [{:cowboy, "~> 1.0", [hex: :cowboy, optional: true]}]},
  "poison": {:hex, :poison, "1.5.2", "560bdfb7449e3ddd23a096929fb9fc2122f709bcc758b2d5d5a5c7d0ea848910", [:mix], []},
  "poolboy": {:hex, :poolboy, "1.5.1", "6b46163901cfd0a1b43d692657ed9d7e599853b3b21b95ae5ae0a777cf9b6ca8", [:rebar], []},
  "postgrex": {:hex, :postgrex, "0.11.1", "f48af70c0a58b9bfd1aaa456ec4273624554cfb837726b6a7f0701da4a94b2dd", [:mix], [{:decimal, "~> 1.0", [hex: :decimal, optional: false]}, {:db_connection, "~> 0.2", [hex: :db_connection, optional: false]}, {:connection, "~> 1.0", [hex: :connection, optional: false]}]},
  "ranch": {:hex, :ranch, "1.2.1", "a6fb992c10f2187b46ffd17ce398ddf8a54f691b81768f9ef5f461ea7e28c762", [:make], []},
  "scrivener": {:hex, :scrivener, "1.1.4", "12227cfbcb5b817cca1f5720ce7ad63f453b58ae009f04b74b1e0078d8f6dfd5", [:mix], [{:postgrex, ">= 0.0.0", [hex: :postgrex, optional: true]}, {:ecto, "~> 1.0", [hex: :ecto, optional: false]}]},
  "slugger": {:hex, :slugger, "0.1.0", "04a0f2da7e0770d41eb15e166aa2b1f8fcd26a80f43ed96d56b1b1d4bc5075df", [:mix], []},
  "ssl_verify_fun": {:hex, :ssl_verify_fun, "1.1.0", "edee20847c42e379bf91261db474ffbe373f8acb56e9079acb6038d4e0bf414f", [:rebar, :make], []},
  "uuid": {:hex, :uuid, "1.1.3", "06ca38801a1a95b751701ca40716bb97ddf76dfe7e26da0eec7dba636740d57a", [:mix], []},
  "xain": {:hex, :xain, "0.5.2", "930f260c53bb69b3039d672780cc7ecf214bd16270183132ecb5b8a6df3aa65b", [:mix], []}}
